{
  "requires": true,
  "lockfileVersion": 1,
  "dependencies": {
    "frappe-charts": {
      "version": "1.5.3",
      "resolved": "https://registry.npmjs.org/frappe-charts/-/frappe-charts-1.5.3.tgz",
      "integrity": "sha512-VS5XVxek41ea8mVzetyFF3avNefiwGDcDSDJuHrZyJXgbqiTSXLoqlPFoMqTzuzRm1g+o6TXs+A7wLtVp3Vt0g=="
    },
    "react-frappe-charts": {
      "version": "4.0.0",
      "resolved": "https://registry.npmjs.org/react-frappe-charts/-/react-frappe-charts-4.0.0.tgz",
      "integrity": "sha512-QmYY1ExlPidE8DK3jtjGWakP0YptHOlFMoYF4/Qxsbrw5hYMCwocPoco4b3e2qk6mI0trdpzILzpjmFWutO/MA=="
    }
  }
}
